Microsoft Visual Studio Solution File, Format Version 12.00
# Visual Studio Version 17
VisualStudioVersion = 17.5.2.0
MinimumVisualStudioVersion = 10.0.40219.1
Project("{FAE04EC0-301F-11D3-BF4B-00C04F79EFBC}") = "TFTV", "TFTV.csproj", "{69E93C16-5D54-AEFF-A204-A9731E0DFA7D}"
EndProject
Global
	GlobalSection(SolutionConfigurationPlatforms) = preSolution
		Debug|Any CPU = Debug|Any CPU
		Release|Any CPU = Release|Any CPU
	EndGlobalSection
	GlobalSection(ProjectConfigurationPlatforms) = postSolution
		{69E93C16-5D54-AEFF-A204-A9731E0DFA7D}.Debug|Any CPU.ActiveCfg = Debug|Any CPU
		{69E93C16-5D54-AEFF-A204-A9731E0DFA7D}.Debug|Any CPU.Build.0 = Debug|Any CPU
		{69E93C16-5D54-AEFF-A204-A9731E0DFA7D}.Release|Any CPU.ActiveCfg = Release|Any CPU
		{69E93C16-5D54-AEFF-A204-A9731E0DFA7D}.Release|Any CPU.Build.0 = Release|Any CPU
	EndGlobalSection
	GlobalSection(SolutionProperties) = preSolution
		HideSolutionNode = FALSE
	EndGlobalSection
	GlobalSection(ExtensibilityGlobals) = postSolution
		SolutionGuid = {614170AA-DD0B-4FA5-87A4-1B32FEB4D2FD}
	EndGlobalSection
EndGlobal
